
Microsoft Visual Studio Solution File, Format Version 12.00
# Visual Studio Version 17
VisualStudioVersion = 17.0.31919.166
MinimumVisualStudioVersion = 10.0.40219.1
Project("{FAE04EC0-301F-11D3-BF4B-00C04F79EFBC}") = "WayTooLongWords", "WayTooLongWords\WayTooLongWords.csproj", "{8307EC1C-4BC0-4539-A83D-714CEB6E9E86}"
EndProject
Global
	GlobalSection(SolutionConfigurationPlatforms) = preSolution
		Debug|Any CPU = Debug|Any CPU
		Release|Any CPU = Release|Any CPU
	EndGlobalSection
	GlobalSection(ProjectConfigurationPlatforms) = postSolution
		{8307EC1C-4BC0-4539-A83D-714CEB6E9E86}.Debug|Any CPU.ActiveCfg = Debug|Any CPU
		{8307EC1C-4BC0-4539-A83D-714CEB6E9E86}.Debug|Any CPU.Build.0 = Debug|Any CPU
		{8307EC1C-4BC0-4539-A83D-714CEB6E9E86}.Release|Any CPU.ActiveCfg = Release|Any CPU
		{8307EC1C-4BC0-4539-A83D-714CEB6E9E86}.Release|Any CPU.Build.0 = Release|Any CPU
	EndGlobalSection
	GlobalSection(SolutionProperties) = preSolution
		HideSolutionNode = FALSE
	EndGlobalSection
	GlobalSection(ExtensibilityGlobals) = postSolution
		SolutionGuid = {629F658D-0D92-41CE-9DB0-632AC7FEA153}
	EndGlobalSection
EndGlobal
