
Microsoft Visual Studio Solution File, Format Version 12.00
# Visual Studio Version 17
VisualStudioVersion = 17.0.31919.166
MinimumVisualStudioVersion = 10.0.40219.1
Project("{FAE04EC0-301F-11D3-BF4B-00C04F79EFBC}") = "TrackRecordOfPharmacy", "TrackRecordOfPharmacy\TrackRecordOfPharmacy.csproj", "{5B9E831B-030A-4031-A708-62C36D657C62}"
EndProject
Global
	GlobalSection(SolutionConfigurationPlatforms) = preSolution
		Debug|Any CPU = Debug|Any CPU
		Release|Any CPU = Release|Any CPU
	EndGlobalSection
	GlobalSection(ProjectConfigurationPlatforms) = postSolution
		{5B9E831B-030A-4031-A708-62C36D657C62}.Debug|Any CPU.ActiveCfg = Debug|Any CPU
		{5B9E831B-030A-4031-A708-62C36D657C62}.Debug|Any CPU.Build.0 = Debug|Any CPU
		{5B9E831B-030A-4031-A708-62C36D657C62}.Release|Any CPU.ActiveCfg = Release|Any CPU
		{5B9E831B-030A-4031-A708-62C36D657C62}.Release|Any CPU.Build.0 = Release|Any CPU
	EndGlobalSection
	GlobalSection(SolutionProperties) = preSolution
		HideSolutionNode = FALSE
	EndGlobalSection
	GlobalSection(ExtensibilityGlobals) = postSolution
		SolutionGuid = {804906C8-9CEA-4187-A4B3-2F85184D9C5D}
	EndGlobalSection
EndGlobal
