
Microsoft Visual Studio Solution File, Format Version 12.00
# Visual Studio Version 17
VisualStudioVersion = 17.0.31919.166
MinimumVisualStudioVersion = 10.0.40219.1
Project("{9A19103F-16F7-4668-BE54-9A1E7A4F7556}") = "IncrementDecerementOperator", "IncrementDecerementOperator\IncrementDecerementOperator.csproj", "{7F07941E-AF85-420C-AC94-98D7A27FDCDC}"
EndProject
Project("{9A19103F-16F7-4668-BE54-9A1E7A4F7556}") = "UnaryPlusMinusOpreator", "UnaryPlusMinusOpreator\UnaryPlusMinusOpreator.csproj", "{A67E95D0-B75C-4044-A859-164A5B3E87E6}"
EndProject
Project("{9A19103F-16F7-4668-BE54-9A1E7A4F7556}") = "Math_Operators", "Math_Operators\Math_Operators.csproj", "{37FA6397-D483-4A36-80D5-A3D9B65E7481}"
EndProject
Project("{9A19103F-16F7-4668-BE54-9A1E7A4F7556}") = "Bitwise_Operator", "Bitwise_Operator\Bitwise_Operator.csproj", "{B5A057B8-2FBF-4F48-B3DA-5806A0EBDD9E}"
EndProject
Project("{9A19103F-16F7-4668-BE54-9A1E7A4F7556}") = "Shift_Operators", "Shift_Operators\Shift_Operators.csproj", "{29AA1406-BF81-4449-8558-682DB775C932}"
EndProject
Project("{9A19103F-16F7-4668-BE54-9A1E7A4F7556}") = "Logical_Operaor", "Logical_Operaor\Logical_Operaor.csproj", "{FECA1D60-151D-4391-8ACF-2D4BCDEB48C5}"
EndProject
Project("{9A19103F-16F7-4668-BE54-9A1E7A4F7556}") = "Compare_Method", "Compare_Method\Compare_Method.csproj", "{223FBFF8-16FB-4FC5-B6DC-69E3F47102E6}"
EndProject
Project("{9A19103F-16F7-4668-BE54-9A1E7A4F7556}") = "Clasess", "Clasess\Clasess.csproj", "{A491EF30-63DF-4197-BB5D-FC061FCC249A}"
EndProject
Project("{9A19103F-16F7-4668-BE54-9A1E7A4F7556}") = "Inherited_Class", "Inherited_Class\Inherited_Class.csproj", "{49F8D89C-9C58-4E0F-B50B-8FE42B02AA76}"
EndProject
Project("{9A19103F-16F7-4668-BE54-9A1E7A4F7556}") = "SortString", "SortString\SortString.csproj", "{5C943F10-5A28-4402-8CE4-AFF6E917F79D}"
EndProject
Project("{9A19103F-16F7-4668-BE54-9A1E7A4F7556}") = "Inheritance", "Inheritance\Inheritance.csproj", "{BC12F55F-FCE0-4C2C-9C38-A4892765D889}"
EndProject
Project("{9A19103F-16F7-4668-BE54-9A1E7A4F7556}") = "AbstractClass", "AbstractClass\AbstractClass.csproj", "{1AEC7715-E48A-4EF6-86C0-BE153108D678}"
EndProject
Project("{9A19103F-16F7-4668-BE54-9A1E7A4F7556}") = "StringA_to_Z", "StringA_to_Z\StringA_to_Z.csproj", "{E5C20935-753B-41EF-B6B2-AB02E3FAD373}"
EndProject
Project("{9A19103F-16F7-4668-BE54-9A1E7A4F7556}") = "PertialClass", "PertialClass\PertialClass.csproj", "{DE9EB9E9-DB79-4CEC-B477-715C08108A46}"
EndProject
Project("{9A19103F-16F7-4668-BE54-9A1E7A4F7556}") = "Structure", "Structure\Structure.csproj", "{74C4AA16-5BF3-4F95-9178-DD9BCAC1C921}"
EndProject
Project("{9A19103F-16F7-4668-BE54-9A1E7A4F7556}") = "Enums", "Enums\Enums.csproj", "{DF0D01EF-B430-4EE4-BB91-BFC32C03A3DB}"
EndProject
Project("{9A19103F-16F7-4668-BE54-9A1E7A4F7556}") = "OperatorOverloading", "OperatorOverloading\OperatorOverloading.csproj", "{156886A7-2467-43BA-BA14-EBB320AF3151}"
EndProject
Project("{9A19103F-16F7-4668-BE54-9A1E7A4F7556}") = "DateTime", "DateTime\DateTime.csproj", "{253CE46E-4B7C-47A7-8E04-C068D8C39D37}"
EndProject
Project("{9A19103F-16F7-4668-BE54-9A1E7A4F7556}") = "StringBuilder", "StringBuilder\StringBuilder.csproj", "{976E3845-D948-4929-AE4C-112B1B11ADCF}"
EndProject
Project("{9A19103F-16F7-4668-BE54-9A1E7A4F7556}") = "ParameterModifier", "ParameterModifier\ParameterModifier.csproj", "{88FAD8F0-72F6-4839-904B-71A1290E5401}"
EndProject
Project("{9A19103F-16F7-4668-BE54-9A1E7A4F7556}") = "Tuples", "Tuples\Tuples.csproj", "{CD3E5AC8-7ABA-48B7-A28C-07F1F5D82637}"
EndProject
Project("{9A19103F-16F7-4668-BE54-9A1E7A4F7556}") = "AnnonymousType", "AnnonymousType\AnnonymousType.csproj", "{F48B9C11-10FA-40EB-BE34-F89C34D5A9A2}"
EndProject
Project("{9A19103F-16F7-4668-BE54-9A1E7A4F7556}") = "Arrays_Revise", "Revise\Arrays\Arrays_Revise.csproj", "{3075E246-D312-419F-B2DD-B3DDA342A04C}"
EndProject
Project("{9A19103F-16F7-4668-BE54-9A1E7A4F7556}") = "Property_of_Class", "Property_of_Class\Property_of_Class.csproj", "{37A99999-25BE-4C32-9AC9-3E8FD00DCE6A}"
EndProject
Project("{9A19103F-16F7-4668-BE54-9A1E7A4F7556}") = "Revise_Of_Abstract_Class", "Revise_Of_Abstract_Class\Revise_Of_Abstract_Class.csproj", "{2D2D1B0F-7CBE-4D51-A5C5-BF2D511A0291}"
EndProject
Project("{9A19103F-16F7-4668-BE54-9A1E7A4F7556}") = "Generic", "Generic\Generic.csproj", "{60E8BA48-5076-42D6-91A9-64B6856D4429}"
EndProject
Project("{9A19103F-16F7-4668-BE54-9A1E7A4F7556}") = "ImportantInterface", "ImportantInterface\ImportantInterface.csproj", "{D9EA72FD-DEF2-416C-9E45-8BA2A8B6DD91}"
EndProject
Project("{FAE04EC0-301F-11D3-BF4B-00C04F79EFBC}") = "ReviceGenericFromBook", "ReviceGenericFromBook\ReviceGenericFromBook.csproj", "{976DFDC5-0929-4C29-97C5-C16260B68C72}"
EndProject
Global
	GlobalSection(SolutionConfigurationPlatforms) = preSolution
		Debug|Any CPU = Debug|Any CPU
		Release|Any CPU = Release|Any CPU
	EndGlobalSection
	GlobalSection(ProjectConfigurationPlatforms) = postSolution
		{7F07941E-AF85-420C-AC94-98D7A27FDCDC}.Debug|Any CPU.ActiveCfg = Debug|Any CPU
		{7F07941E-AF85-420C-AC94-98D7A27FDCDC}.Debug|Any CPU.Build.0 = Debug|Any CPU
		{7F07941E-AF85-420C-AC94-98D7A27FDCDC}.Release|Any CPU.ActiveCfg = Release|Any CPU
		{7F07941E-AF85-420C-AC94-98D7A27FDCDC}.Release|Any CPU.Build.0 = Release|Any CPU
		{A67E95D0-B75C-4044-A859-164A5B3E87E6}.Debug|Any CPU.ActiveCfg = Debug|Any CPU
		{A67E95D0-B75C-4044-A859-164A5B3E87E6}.Debug|Any CPU.Build.0 = Debug|Any CPU
		{A67E95D0-B75C-4044-A859-164A5B3E87E6}.Release|Any CPU.ActiveCfg = Release|Any CPU
		{A67E95D0-B75C-4044-A859-164A5B3E87E6}.Release|Any CPU.Build.0 = Release|Any CPU
		{37FA6397-D483-4A36-80D5-A3D9B65E7481}.Debug|Any CPU.ActiveCfg = Debug|Any CPU
		{37FA6397-D483-4A36-80D5-A3D9B65E7481}.Debug|Any CPU.Build.0 = Debug|Any CPU
		{37FA6397-D483-4A36-80D5-A3D9B65E7481}.Release|Any CPU.ActiveCfg = Release|Any CPU
		{37FA6397-D483-4A36-80D5-A3D9B65E7481}.Release|Any CPU.Build.0 = Release|Any CPU
		{B5A057B8-2FBF-4F48-B3DA-5806A0EBDD9E}.Debug|Any CPU.ActiveCfg = Debug|Any CPU
		{B5A057B8-2FBF-4F48-B3DA-5806A0EBDD9E}.Debug|Any CPU.Build.0 = Debug|Any CPU
		{B5A057B8-2FBF-4F48-B3DA-5806A0EBDD9E}.Release|Any CPU.ActiveCfg = Release|Any CPU
		{B5A057B8-2FBF-4F48-B3DA-5806A0EBDD9E}.Release|Any CPU.Build.0 = Release|Any CPU
		{29AA1406-BF81-4449-8558-682DB775C932}.Debug|Any CPU.ActiveCfg = Debug|Any CPU
		{29AA1406-BF81-4449-8558-682DB775C932}.Debug|Any CPU.Build.0 = Debug|Any CPU
		{29AA1406-BF81-4449-8558-682DB775C932}.Release|Any CPU.ActiveCfg = Release|Any CPU
		{29AA1406-BF81-4449-8558-682DB775C932}.Release|Any CPU.Build.0 = Release|Any CPU
		{FECA1D60-151D-4391-8ACF-2D4BCDEB48C5}.Debug|Any CPU.ActiveCfg = Debug|Any CPU
		{FECA1D60-151D-4391-8ACF-2D4BCDEB48C5}.Debug|Any CPU.Build.0 = Debug|Any CPU
		{FECA1D60-151D-4391-8ACF-2D4BCDEB48C5}.Release|Any CPU.ActiveCfg = Release|Any CPU
		{FECA1D60-151D-4391-8ACF-2D4BCDEB48C5}.Release|Any CPU.Build.0 = Release|Any CPU
		{223FBFF8-16FB-4FC5-B6DC-69E3F47102E6}.Debug|Any CPU.ActiveCfg = Debug|Any CPU
		{223FBFF8-16FB-4FC5-B6DC-69E3F47102E6}.Debug|Any CPU.Build.0 = Debug|Any CPU
		{223FBFF8-16FB-4FC5-B6DC-69E3F47102E6}.Release|Any CPU.ActiveCfg = Release|Any CPU
		{223FBFF8-16FB-4FC5-B6DC-69E3F47102E6}.Release|Any CPU.Build.0 = Release|Any CPU
		{A491EF30-63DF-4197-BB5D-FC061FCC249A}.Debug|Any CPU.ActiveCfg = Debug|Any CPU
		{A491EF30-63DF-4197-BB5D-FC061FCC249A}.Debug|Any CPU.Build.0 = Debug|Any CPU
		{A491EF30-63DF-4197-BB5D-FC061FCC249A}.Release|Any CPU.ActiveCfg = Release|Any CPU
		{A491EF30-63DF-4197-BB5D-FC061FCC249A}.Release|Any CPU.Build.0 = Release|Any CPU
		{49F8D89C-9C58-4E0F-B50B-8FE42B02AA76}.Debug|Any CPU.ActiveCfg = Debug|Any CPU
		{49F8D89C-9C58-4E0F-B50B-8FE42B02AA76}.Debug|Any CPU.Build.0 = Debug|Any CPU
		{49F8D89C-9C58-4E0F-B50B-8FE42B02AA76}.Release|Any CPU.ActiveCfg = Release|Any CPU
		{49F8D89C-9C58-4E0F-B50B-8FE42B02AA76}.Release|Any CPU.Build.0 = Release|Any CPU
		{5C943F10-5A28-4402-8CE4-AFF6E917F79D}.Debug|Any CPU.ActiveCfg = Debug|Any CPU
		{5C943F10-5A28-4402-8CE4-AFF6E917F79D}.Debug|Any CPU.Build.0 = Debug|Any CPU
		{5C943F10-5A28-4402-8CE4-AFF6E917F79D}.Release|Any CPU.ActiveCfg = Release|Any CPU
		{5C943F10-5A28-4402-8CE4-AFF6E917F79D}.Release|Any CPU.Build.0 = Release|Any CPU
		{BC12F55F-FCE0-4C2C-9C38-A4892765D889}.Debug|Any CPU.ActiveCfg = Debug|Any CPU
		{BC12F55F-FCE0-4C2C-9C38-A4892765D889}.Debug|Any CPU.Build.0 = Debug|Any CPU
		{BC12F55F-FCE0-4C2C-9C38-A4892765D889}.Release|Any CPU.ActiveCfg = Release|Any CPU
		{BC12F55F-FCE0-4C2C-9C38-A4892765D889}.Release|Any CPU.Build.0 = Release|Any CPU
		{1AEC7715-E48A-4EF6-86C0-BE153108D678}.Debug|Any CPU.ActiveCfg = Debug|Any CPU
		{1AEC7715-E48A-4EF6-86C0-BE153108D678}.Debug|Any CPU.Build.0 = Debug|Any CPU
		{1AEC7715-E48A-4EF6-86C0-BE153108D678}.Release|Any CPU.ActiveCfg = Release|Any CPU
		{1AEC7715-E48A-4EF6-86C0-BE153108D678}.Release|Any CPU.Build.0 = Release|Any CPU
		{E5C20935-753B-41EF-B6B2-AB02E3FAD373}.Debug|Any CPU.ActiveCfg = Debug|Any CPU
		{E5C20935-753B-41EF-B6B2-AB02E3FAD373}.Debug|Any CPU.Build.0 = Debug|Any CPU
		{E5C20935-753B-41EF-B6B2-AB02E3FAD373}.Release|Any CPU.ActiveCfg = Release|Any CPU
		{E5C20935-753B-41EF-B6B2-AB02E3FAD373}.Release|Any CPU.Build.0 = Release|Any CPU
		{DE9EB9E9-DB79-4CEC-B477-715C08108A46}.Debug|Any CPU.ActiveCfg = Debug|Any CPU
		{DE9EB9E9-DB79-4CEC-B477-715C08108A46}.Debug|Any CPU.Build.0 = Debug|Any CPU
		{DE9EB9E9-DB79-4CEC-B477-715C08108A46}.Release|Any CPU.ActiveCfg = Release|Any CPU
		{DE9EB9E9-DB79-4CEC-B477-715C08108A46}.Release|Any CPU.Build.0 = Release|Any CPU
		{74C4AA16-5BF3-4F95-9178-DD9BCAC1C921}.Debug|Any CPU.ActiveCfg = Debug|Any CPU
		{74C4AA16-5BF3-4F95-9178-DD9BCAC1C921}.Debug|Any CPU.Build.0 = Debug|Any CPU
		{74C4AA16-5BF3-4F95-9178-DD9BCAC1C921}.Release|Any CPU.ActiveCfg = Release|Any CPU
		{74C4AA16-5BF3-4F95-9178-DD9BCAC1C921}.Release|Any CPU.Build.0 = Release|Any CPU
		{DF0D01EF-B430-4EE4-BB91-BFC32C03A3DB}.Debug|Any CPU.ActiveCfg = Debug|Any CPU
		{DF0D01EF-B430-4EE4-BB91-BFC32C03A3DB}.Debug|Any CPU.Build.0 = Debug|Any CPU
		{DF0D01EF-B430-4EE4-BB91-BFC32C03A3DB}.Release|Any CPU.ActiveCfg = Release|Any CPU
		{DF0D01EF-B430-4EE4-BB91-BFC32C03A3DB}.Release|Any CPU.Build.0 = Release|Any CPU
		{156886A7-2467-43BA-BA14-EBB320AF3151}.Debug|Any CPU.ActiveCfg = Debug|Any CPU
		{156886A7-2467-43BA-BA14-EBB320AF3151}.Debug|Any CPU.Build.0 = Debug|Any CPU
		{156886A7-2467-43BA-BA14-EBB320AF3151}.Release|Any CPU.ActiveCfg = Release|Any CPU
		{156886A7-2467-43BA-BA14-EBB320AF3151}.Release|Any CPU.Build.0 = Release|Any CPU
		{253CE46E-4B7C-47A7-8E04-C068D8C39D37}.Debug|Any CPU.ActiveCfg = Debug|Any CPU
		{253CE46E-4B7C-47A7-8E04-C068D8C39D37}.Debug|Any CPU.Build.0 = Debug|Any CPU
		{253CE46E-4B7C-47A7-8E04-C068D8C39D37}.Release|Any CPU.ActiveCfg = Release|Any CPU
		{253CE46E-4B7C-47A7-8E04-C068D8C39D37}.Release|Any CPU.Build.0 = Release|Any CPU
		{976E3845-D948-4929-AE4C-112B1B11ADCF}.Debug|Any CPU.ActiveCfg = Debug|Any CPU
		{976E3845-D948-4929-AE4C-112B1B11ADCF}.Debug|Any CPU.Build.0 = Debug|Any CPU
		{976E3845-D948-4929-AE4C-112B1B11ADCF}.Release|Any CPU.ActiveCfg = Release|Any CPU
		{976E3845-D948-4929-AE4C-112B1B11ADCF}.Release|Any CPU.Build.0 = Release|Any CPU
		{88FAD8F0-72F6-4839-904B-71A1290E5401}.Debug|Any CPU.ActiveCfg = Debug|Any CPU
		{88FAD8F0-72F6-4839-904B-71A1290E5401}.Debug|Any CPU.Build.0 = Debug|Any CPU
		{88FAD8F0-72F6-4839-904B-71A1290E5401}.Release|Any CPU.ActiveCfg = Release|Any CPU
		{88FAD8F0-72F6-4839-904B-71A1290E5401}.Release|Any CPU.Build.0 = Release|Any CPU
		{CD3E5AC8-7ABA-48B7-A28C-07F1F5D82637}.Debug|Any CPU.ActiveCfg = Debug|Any CPU
		{CD3E5AC8-7ABA-48B7-A28C-07F1F5D82637}.Debug|Any CPU.Build.0 = Debug|Any CPU
		{CD3E5AC8-7ABA-48B7-A28C-07F1F5D82637}.Release|Any CPU.ActiveCfg = Release|Any CPU
		{CD3E5AC8-7ABA-48B7-A28C-07F1F5D82637}.Release|Any CPU.Build.0 = Release|Any CPU
		{F48B9C11-10FA-40EB-BE34-F89C34D5A9A2}.Debug|Any CPU.ActiveCfg = Debug|Any CPU
		{F48B9C11-10FA-40EB-BE34-F89C34D5A9A2}.Debug|Any CPU.Build.0 = Debug|Any CPU
		{F48B9C11-10FA-40EB-BE34-F89C34D5A9A2}.Release|Any CPU.ActiveCfg = Release|Any CPU
		{F48B9C11-10FA-40EB-BE34-F89C34D5A9A2}.Release|Any CPU.Build.0 = Release|Any CPU
		{3075E246-D312-419F-B2DD-B3DDA342A04C}.Debug|Any CPU.ActiveCfg = Debug|Any CPU
		{3075E246-D312-419F-B2DD-B3DDA342A04C}.Debug|Any CPU.Build.0 = Debug|Any CPU
		{3075E246-D312-419F-B2DD-B3DDA342A04C}.Release|Any CPU.ActiveCfg = Release|Any CPU
		{3075E246-D312-419F-B2DD-B3DDA342A04C}.Release|Any CPU.Build.0 = Release|Any CPU
		{37A99999-25BE-4C32-9AC9-3E8FD00DCE6A}.Debug|Any CPU.ActiveCfg = Debug|Any CPU
		{37A99999-25BE-4C32-9AC9-3E8FD00DCE6A}.Debug|Any CPU.Build.0 = Debug|Any CPU
		{37A99999-25BE-4C32-9AC9-3E8FD00DCE6A}.Release|Any CPU.ActiveCfg = Release|Any CPU
		{37A99999-25BE-4C32-9AC9-3E8FD00DCE6A}.Release|Any CPU.Build.0 = Release|Any CPU
		{2D2D1B0F-7CBE-4D51-A5C5-BF2D511A0291}.Debug|Any CPU.ActiveCfg = Debug|Any CPU
		{2D2D1B0F-7CBE-4D51-A5C5-BF2D511A0291}.Debug|Any CPU.Build.0 = Debug|Any CPU
		{2D2D1B0F-7CBE-4D51-A5C5-BF2D511A0291}.Release|Any CPU.ActiveCfg = Release|Any CPU
		{2D2D1B0F-7CBE-4D51-A5C5-BF2D511A0291}.Release|Any CPU.Build.0 = Release|Any CPU
		{60E8BA48-5076-42D6-91A9-64B6856D4429}.Debug|Any CPU.ActiveCfg = Debug|Any CPU
		{60E8BA48-5076-42D6-91A9-64B6856D4429}.Debug|Any CPU.Build.0 = Debug|Any CPU
		{60E8BA48-5076-42D6-91A9-64B6856D4429}.Release|Any CPU.ActiveCfg = Release|Any CPU
		{60E8BA48-5076-42D6-91A9-64B6856D4429}.Release|Any CPU.Build.0 = Release|Any CPU
		{D9EA72FD-DEF2-416C-9E45-8BA2A8B6DD91}.Debug|Any CPU.ActiveCfg = Debug|Any CPU
		{D9EA72FD-DEF2-416C-9E45-8BA2A8B6DD91}.Debug|Any CPU.Build.0 = Debug|Any CPU
		{D9EA72FD-DEF2-416C-9E45-8BA2A8B6DD91}.Release|Any CPU.ActiveCfg = Release|Any CPU
		{D9EA72FD-DEF2-416C-9E45-8BA2A8B6DD91}.Release|Any CPU.Build.0 = Release|Any CPU
		{976DFDC5-0929-4C29-97C5-C16260B68C72}.Debug|Any CPU.ActiveCfg = Debug|Any CPU
		{976DFDC5-0929-4C29-97C5-C16260B68C72}.Debug|Any CPU.Build.0 = Debug|Any CPU
		{976DFDC5-0929-4C29-97C5-C16260B68C72}.Release|Any CPU.ActiveCfg = Release|Any CPU
		{976DFDC5-0929-4C29-97C5-C16260B68C72}.Release|Any CPU.Build.0 = Release|Any CPU
	EndGlobalSection
	GlobalSection(SolutionProperties) = preSolution
		HideSolutionNode = FALSE
	EndGlobalSection
	GlobalSection(ExtensibilityGlobals) = postSolution
		SolutionGuid = {71C108A4-C957-49AB-8BBC-EA4451AA4A35}
	EndGlobalSection
EndGlobal
