
Microsoft Visual Studio Solution File, Format Version 12.00
# Visual Studio Version 17
VisualStudioVersion = 17.0.31919.166
MinimumVisualStudioVersion = 10.0.40219.1
Project("{9A19103F-16F7-4668-BE54-9A1E7A4F7556}") = "IncrementDecerementOperator", "IncrementDecerementOperator\IncrementDecerementOperator.csproj", "{7F07941E-AF85-420C-AC94-98D7A27FDCDC}"
EndProject
Project("{9A19103F-16F7-4668-BE54-9A1E7A4F7556}") = "UnaryPlusMinusOpreator", "UnaryPlusMinusOpreator\UnaryPlusMinusOpreator.csproj", "{A67E95D0-B75C-4044-A859-164A5B3E87E6}"
EndProject
Project("{FAE04EC0-301F-11D3-BF4B-00C04F79EFBC}") = "Math_Operators", "Math_Operators\Math_Operators.csproj", "{37FA6397-D483-4A36-80D5-A3D9B65E7481}"
EndProject
Project("{FAE04EC0-301F-11D3-BF4B-00C04F79EFBC}") = "Bitwise_Operator", "Bitwise_Operator\Bitwise_Operator.csproj", "{B5A057B8-2FBF-4F48-B3DA-5806A0EBDD9E}"
EndProject
Project("{FAE04EC0-301F-11D3-BF4B-00C04F79EFBC}") = "Shift_Operators", "Shift_Operators\Shift_Operators.csproj", "{29AA1406-BF81-4449-8558-682DB775C932}"
EndProject
Global
	GlobalSection(SolutionConfigurationPlatforms) = preSolution
		Debug|Any CPU = Debug|Any CPU
		Release|Any CPU = Release|Any CPU
	EndGlobalSection
	GlobalSection(ProjectConfigurationPlatforms) = postSolution
		{7F07941E-AF85-420C-AC94-98D7A27FDCDC}.Debug|Any CPU.ActiveCfg = Debug|Any CPU
		{7F07941E-AF85-420C-AC94-98D7A27FDCDC}.Debug|Any CPU.Build.0 = Debug|Any CPU
		{7F07941E-AF85-420C-AC94-98D7A27FDCDC}.Release|Any CPU.ActiveCfg = Release|Any CPU
		{7F07941E-AF85-420C-AC94-98D7A27FDCDC}.Release|Any CPU.Build.0 = Release|Any CPU
		{A67E95D0-B75C-4044-A859-164A5B3E87E6}.Debug|Any CPU.ActiveCfg = Debug|Any CPU
		{A67E95D0-B75C-4044-A859-164A5B3E87E6}.Debug|Any CPU.Build.0 = Debug|Any CPU
		{A67E95D0-B75C-4044-A859-164A5B3E87E6}.Release|Any CPU.ActiveCfg = Release|Any CPU
		{A67E95D0-B75C-4044-A859-164A5B3E87E6}.Release|Any CPU.Build.0 = Release|Any CPU
		{37FA6397-D483-4A36-80D5-A3D9B65E7481}.Debug|Any CPU.ActiveCfg = Debug|Any CPU
		{37FA6397-D483-4A36-80D5-A3D9B65E7481}.Debug|Any CPU.Build.0 = Debug|Any CPU
		{37FA6397-D483-4A36-80D5-A3D9B65E7481}.Release|Any CPU.ActiveCfg = Release|Any CPU
		{37FA6397-D483-4A36-80D5-A3D9B65E7481}.Release|Any CPU.Build.0 = Release|Any CPU
		{B5A057B8-2FBF-4F48-B3DA-5806A0EBDD9E}.Debug|Any CPU.ActiveCfg = Debug|Any CPU
		{B5A057B8-2FBF-4F48-B3DA-5806A0EBDD9E}.Debug|Any CPU.Build.0 = Debug|Any CPU
		{B5A057B8-2FBF-4F48-B3DA-5806A0EBDD9E}.Release|Any CPU.ActiveCfg = Release|Any CPU
		{B5A057B8-2FBF-4F48-B3DA-5806A0EBDD9E}.Release|Any CPU.Build.0 = Release|Any CPU
		{29AA1406-BF81-4449-8558-682DB775C932}.Debug|Any CPU.ActiveCfg = Debug|Any CPU
		{29AA1406-BF81-4449-8558-682DB775C932}.Debug|Any CPU.Build.0 = Debug|Any CPU
		{29AA1406-BF81-4449-8558-682DB775C932}.Release|Any CPU.ActiveCfg = Release|Any CPU
		{29AA1406-BF81-4449-8558-682DB775C932}.Release|Any CPU.Build.0 = Release|Any CPU
	EndGlobalSection
	GlobalSection(SolutionProperties) = preSolution
		HideSolutionNode = FALSE
	EndGlobalSection
	GlobalSection(ExtensibilityGlobals) = postSolution
		SolutionGuid = {71C108A4-C957-49AB-8BBC-EA4451AA4A35}
	EndGlobalSection
EndGlobal
