
Microsoft Visual Studio Solution File, Format Version 12.00
# Visual Studio Version 17
VisualStudioVersion = 17.0.31919.166
MinimumVisualStudioVersion = 10.0.40219.1
Project("{9A19103F-16F7-4668-BE54-9A1E7A4F7556}") = "IncrementDecerementOperator", "IncrementDecerementOperator\IncrementDecerementOperator.csproj", "{7F07941E-AF85-420C-AC94-98D7A27FDCDC}"
EndProject
Project("{9A19103F-16F7-4668-BE54-9A1E7A4F7556}") = "UnaryPlusMinusOpreator", "UnaryPlusMinusOpreator\UnaryPlusMinusOpreator.csproj", "{A67E95D0-B75C-4044-A859-164A5B3E87E6}"
EndProject
Project("{9A19103F-16F7-4668-BE54-9A1E7A4F7556}") = "Math_Operators", "Math_Operators\Math_Operators.csproj", "{37FA6397-D483-4A36-80D5-A3D9B65E7481}"
EndProject
Project("{9A19103F-16F7-4668-BE54-9A1E7A4F7556}") = "Bitwise_Operator", "Bitwise_Operator\Bitwise_Operator.csproj", "{B5A057B8-2FBF-4F48-B3DA-5806A0EBDD9E}"
EndProject
Project("{9A19103F-16F7-4668-BE54-9A1E7A4F7556}") = "Shift_Operators", "Shift_Operators\Shift_Operators.csproj", "{29AA1406-BF81-4449-8558-682DB775C932}"
EndProject
Project("{9A19103F-16F7-4668-BE54-9A1E7A4F7556}") = "Logical_Operaor", "Logical_Operaor\Logical_Operaor.csproj", "{FECA1D60-151D-4391-8ACF-2D4BCDEB48C5}"
EndProject
Project("{9A19103F-16F7-4668-BE54-9A1E7A4F7556}") = "Compare_Method", "Compare_Method\Compare_Method.csproj", "{223FBFF8-16FB-4FC5-B6DC-69E3F47102E6}"
EndProject
Project("{9A19103F-16F7-4668-BE54-9A1E7A4F7556}") = "Clasess", "Clasess\Clasess.csproj", "{A491EF30-63DF-4197-BB5D-FC061FCC249A}"
EndProject
Project("{9A19103F-16F7-4668-BE54-9A1E7A4F7556}") = "Inherited_Class", "Inherited_Class\Inherited_Class.csproj", "{49F8D89C-9C58-4E0F-B50B-8FE42B02AA76}"
EndProject
Project("{9A19103F-16F7-4668-BE54-9A1E7A4F7556}") = "SortString", "SortString\SortString.csproj", "{5C943F10-5A28-4402-8CE4-AFF6E917F79D}"
EndProject
Project("{FAE04EC0-301F-11D3-BF4B-00C04F79EFBC}") = "Inheritance", "Inheritance\Inheritance.csproj", "{BC12F55F-FCE0-4C2C-9C38-A4892765D889}"
EndProject
Global
	GlobalSection(SolutionConfigurationPlatforms) = preSolution
		Debug|Any CPU = Debug|Any CPU
		Release|Any CPU = Release|Any CPU
	EndGlobalSection
	GlobalSection(ProjectConfigurationPlatforms) = postSolution
		{7F07941E-AF85-420C-AC94-98D7A27FDCDC}.Debug|Any CPU.ActiveCfg = Debug|Any CPU
		{7F07941E-AF85-420C-AC94-98D7A27FDCDC}.Debug|Any CPU.Build.0 = Debug|Any CPU
		{7F07941E-AF85-420C-AC94-98D7A27FDCDC}.Release|Any CPU.ActiveCfg = Release|Any CPU
		{7F07941E-AF85-420C-AC94-98D7A27FDCDC}.Release|Any CPU.Build.0 = Release|Any CPU
		{A67E95D0-B75C-4044-A859-164A5B3E87E6}.Debug|Any CPU.ActiveCfg = Debug|Any CPU
		{A67E95D0-B75C-4044-A859-164A5B3E87E6}.Debug|Any CPU.Build.0 = Debug|Any CPU
		{A67E95D0-B75C-4044-A859-164A5B3E87E6}.Release|Any CPU.ActiveCfg = Release|Any CPU
		{A67E95D0-B75C-4044-A859-164A5B3E87E6}.Release|Any CPU.Build.0 = Release|Any CPU
		{37FA6397-D483-4A36-80D5-A3D9B65E7481}.Debug|Any CPU.ActiveCfg = Debug|Any CPU
		{37FA6397-D483-4A36-80D5-A3D9B65E7481}.Debug|Any CPU.Build.0 = Debug|Any CPU
		{37FA6397-D483-4A36-80D5-A3D9B65E7481}.Release|Any CPU.ActiveCfg = Release|Any CPU
		{37FA6397-D483-4A36-80D5-A3D9B65E7481}.Release|Any CPU.Build.0 = Release|Any CPU
		{B5A057B8-2FBF-4F48-B3DA-5806A0EBDD9E}.Debug|Any CPU.ActiveCfg = Debug|Any CPU
		{B5A057B8-2FBF-4F48-B3DA-5806A0EBDD9E}.Debug|Any CPU.Build.0 = Debug|Any CPU
		{B5A057B8-2FBF-4F48-B3DA-5806A0EBDD9E}.Release|Any CPU.ActiveCfg = Release|Any CPU
		{B5A057B8-2FBF-4F48-B3DA-5806A0EBDD9E}.Release|Any CPU.Build.0 = Release|Any CPU
		{29AA1406-BF81-4449-8558-682DB775C932}.Debug|Any CPU.ActiveCfg = Debug|Any CPU
		{29AA1406-BF81-4449-8558-682DB775C932}.Debug|Any CPU.Build.0 = Debug|Any CPU
		{29AA1406-BF81-4449-8558-682DB775C932}.Release|Any CPU.ActiveCfg = Release|Any CPU
		{29AA1406-BF81-4449-8558-682DB775C932}.Release|Any CPU.Build.0 = Release|Any CPU
		{FECA1D60-151D-4391-8ACF-2D4BCDEB48C5}.Debug|Any CPU.ActiveCfg = Debug|Any CPU
		{FECA1D60-151D-4391-8ACF-2D4BCDEB48C5}.Debug|Any CPU.Build.0 = Debug|Any CPU
		{FECA1D60-151D-4391-8ACF-2D4BCDEB48C5}.Release|Any CPU.ActiveCfg = Release|Any CPU
		{FECA1D60-151D-4391-8ACF-2D4BCDEB48C5}.Release|Any CPU.Build.0 = Release|Any CPU
		{223FBFF8-16FB-4FC5-B6DC-69E3F47102E6}.Debug|Any CPU.ActiveCfg = Debug|Any CPU
		{223FBFF8-16FB-4FC5-B6DC-69E3F47102E6}.Debug|Any CPU.Build.0 = Debug|Any CPU
		{223FBFF8-16FB-4FC5-B6DC-69E3F47102E6}.Release|Any CPU.ActiveCfg = Release|Any CPU
		{223FBFF8-16FB-4FC5-B6DC-69E3F47102E6}.Release|Any CPU.Build.0 = Release|Any CPU
		{A491EF30-63DF-4197-BB5D-FC061FCC249A}.Debug|Any CPU.ActiveCfg = Debug|Any CPU
		{A491EF30-63DF-4197-BB5D-FC061FCC249A}.Debug|Any CPU.Build.0 = Debug|Any CPU
		{A491EF30-63DF-4197-BB5D-FC061FCC249A}.Release|Any CPU.ActiveCfg = Release|Any CPU
		{A491EF30-63DF-4197-BB5D-FC061FCC249A}.Release|Any CPU.Build.0 = Release|Any CPU
		{49F8D89C-9C58-4E0F-B50B-8FE42B02AA76}.Debug|Any CPU.ActiveCfg = Debug|Any CPU
		{49F8D89C-9C58-4E0F-B50B-8FE42B02AA76}.Debug|Any CPU.Build.0 = Debug|Any CPU
		{49F8D89C-9C58-4E0F-B50B-8FE42B02AA76}.Release|Any CPU.ActiveCfg = Release|Any CPU
		{49F8D89C-9C58-4E0F-B50B-8FE42B02AA76}.Release|Any CPU.Build.0 = Release|Any CPU
		{5C943F10-5A28-4402-8CE4-AFF6E917F79D}.Debug|Any CPU.ActiveCfg = Debug|Any CPU
		{5C943F10-5A28-4402-8CE4-AFF6E917F79D}.Debug|Any CPU.Build.0 = Debug|Any CPU
		{5C943F10-5A28-4402-8CE4-AFF6E917F79D}.Release|Any CPU.ActiveCfg = Release|Any CPU
		{5C943F10-5A28-4402-8CE4-AFF6E917F79D}.Release|Any CPU.Build.0 = Release|Any CPU
		{BC12F55F-FCE0-4C2C-9C38-A4892765D889}.Debug|Any CPU.ActiveCfg = Debug|Any CPU
		{BC12F55F-FCE0-4C2C-9C38-A4892765D889}.Debug|Any CPU.Build.0 = Debug|Any CPU
		{BC12F55F-FCE0-4C2C-9C38-A4892765D889}.Release|Any CPU.ActiveCfg = Release|Any CPU
		{BC12F55F-FCE0-4C2C-9C38-A4892765D889}.Release|Any CPU.Build.0 = Release|Any CPU
	EndGlobalSection
	GlobalSection(SolutionProperties) = preSolution
		HideSolutionNode = FALSE
	EndGlobalSection
	GlobalSection(ExtensibilityGlobals) = postSolution
		SolutionGuid = {71C108A4-C957-49AB-8BBC-EA4451AA4A35}
	EndGlobalSection
EndGlobal
