
Microsoft Visual Studio Solution File, Format Version 12.00
# Visual Studio Version 17
VisualStudioVersion = 17.0.31919.166
MinimumVisualStudioVersion = 10.0.40219.1
Project("{9A19103F-16F7-4668-BE54-9A1E7A4F7556}") = "Shape", "Shape\Shape.csproj", "{04387BBC-2201-48DB-8EC7-8677AE6FFF2B}"
EndProject
Project("{FAE04EC0-301F-11D3-BF4B-00C04F79EFBC}") = "CalculateAverage_task2", "CalculateAverage_task2\CalculateAverage_task2.csproj", "{53DA3A1A-AAA0-4EAA-9E55-46937C17A6A4}"
EndProject
Project("{FAE04EC0-301F-11D3-BF4B-00C04F79EFBC}") = "Car_task3", "Car_task3\Car_task3.csproj", "{22346772-09C8-4E0F-8ECA-44CFB411F587}"
EndProject
Global
	GlobalSection(SolutionConfigurationPlatforms) = preSolution
		Debug|Any CPU = Debug|Any CPU
		Release|Any CPU = Release|Any CPU
	EndGlobalSection
	GlobalSection(ProjectConfigurationPlatforms) = postSolution
		{04387BBC-2201-48DB-8EC7-8677AE6FFF2B}.Debug|Any CPU.ActiveCfg = Debug|Any CPU
		{04387BBC-2201-48DB-8EC7-8677AE6FFF2B}.Debug|Any CPU.Build.0 = Debug|Any CPU
		{04387BBC-2201-48DB-8EC7-8677AE6FFF2B}.Release|Any CPU.ActiveCfg = Release|Any CPU
		{04387BBC-2201-48DB-8EC7-8677AE6FFF2B}.Release|Any CPU.Build.0 = Release|Any CPU
		{53DA3A1A-AAA0-4EAA-9E55-46937C17A6A4}.Debug|Any CPU.ActiveCfg = Debug|Any CPU
		{53DA3A1A-AAA0-4EAA-9E55-46937C17A6A4}.Debug|Any CPU.Build.0 = Debug|Any CPU
		{53DA3A1A-AAA0-4EAA-9E55-46937C17A6A4}.Release|Any CPU.ActiveCfg = Release|Any CPU
		{53DA3A1A-AAA0-4EAA-9E55-46937C17A6A4}.Release|Any CPU.Build.0 = Release|Any CPU
		{22346772-09C8-4E0F-8ECA-44CFB411F587}.Debug|Any CPU.ActiveCfg = Debug|Any CPU
		{22346772-09C8-4E0F-8ECA-44CFB411F587}.Debug|Any CPU.Build.0 = Debug|Any CPU
		{22346772-09C8-4E0F-8ECA-44CFB411F587}.Release|Any CPU.ActiveCfg = Release|Any CPU
		{22346772-09C8-4E0F-8ECA-44CFB411F587}.Release|Any CPU.Build.0 = Release|Any CPU
	EndGlobalSection
	GlobalSection(SolutionProperties) = preSolution
		HideSolutionNode = FALSE
	EndGlobalSection
	GlobalSection(ExtensibilityGlobals) = postSolution
		SolutionGuid = {905B0189-2890-4FE5-99C0-61C94813FB19}
	EndGlobalSection
EndGlobal
